
Microsoft Visual Studio Solution File, Format Version 12.00
# Visual Studio Version 17
VisualStudioVersion = 17.9.34728.123
MinimumVisualStudioVersion = 10.0.40219.1
Project("{FAE04EC0-301F-11D3-BF4B-00C04F79EFBC}") = "HoldGrab", "HoldGrab\HoldGrab.csproj", "{1E119468-6594-4A85-A87C-42ABF3255754}"
EndProject
Project("{2150E333-8FDC-42A3-9474-1A3956D46DE8}") = "Solution Items", "Solution Items", "{08120683-B32D-4A27-B7D3-09B87CDE40CE}"
	ProjectSection(SolutionItems) = preProject
		CHANGELOG.md = CHANGELOG.md
		README.md = README.md
	EndProjectSection
EndProject
Global
	GlobalSection(SolutionConfigurationPlatforms) = preSolution
		Debug|Any CPU = Debug|Any CPU
		Release|Any CPU = Release|Any CPU
	EndGlobalSection
	GlobalSection(ProjectConfigurationPlatforms) = postSolution
		{1E119468-6594-4A85-A87C-42ABF3255754}.Debug|Any CPU.ActiveCfg = Debug|Any CPU
		{1E119468-6594-4A85-A87C-42ABF3255754}.Debug|Any CPU.Build.0 = Debug|Any CPU
		{1E119468-6594-4A85-A87C-42ABF3255754}.Release|Any CPU.ActiveCfg = Release|Any CPU
		{1E119468-6594-4A85-A87C-42ABF3255754}.Release|Any CPU.Build.0 = Release|Any CPU
	EndGlobalSection
	GlobalSection(SolutionProperties) = preSolution
		HideSolutionNode = FALSE
	EndGlobalSection
	GlobalSection(ExtensibilityGlobals) = postSolution
		SolutionGuid = {1AD809C6-2CE3-41FE-A311-380155AA2C04}
	EndGlobalSection
EndGlobal
